{
    "_meta": {
        "hash": {
            "sha256": "171328a685e07aefafa23beb7a8d5fdb737c7ad891d2fe9852e379b7c8faecc6"
        },
        "pipfile-spec": 6,
        "requires": {},
        "sources": [
            {
                "name": "pypi",
                "url": "https://pypi.python.org/simple",
                "verify_ssl": true
            }
        ]
    },
    "default": {
        "gitdb": {
            "hashes": [
                "sha256:6eb990b69df4e15bad899ea868dc46572c3f75339735663b81de79b06f17eb9a",
                "sha256:c286cf298426064079ed96a9e4a9d39e7f3e9bf15ba60701e95f5492f28415c7"
            ],
            "markers": "python_version >= '3.7'",
            "version": "==4.0.10"
        },
        "gitpython": {
            "hashes": [
                "sha256:5f4c4187de49616d710a77e98ddf17b4782060a1788df441846bddefbb89ab33",
                "sha256:f9b9ddc0761c125d5780eab2d64be4873fc6817c2899cbcb34b02344bdc7bc54"
            ],
            "index": "pypi",
            "markers": "python_version >= '3.7'",
            "version": "==3.1.37"
        },
        "invoke": {
            "hashes": [
                "sha256:4668a4a594a47f2da2f0672ec2f7b1566f809cebf10bcd95ce2de9ecf39b95d1",
                "sha256:ae7b4513638bde9afcda0825e9535599637a3f65bd819a27098356027bb17c8a",
                "sha256:e04faba8ea7cdf6f5c912be42dcafd5c1074b7f2f306998992c4bfb40a9a690b"
            ],
            "index": "pypi",
            "version": "==1.4.0"
        },
        "smmap": {
            "hashes": [
                "sha256:dceeb6c0028fdb6734471eb07c0cd2aae706ccaecab45965ee83f11c8d3b1f62",
                "sha256:e6d8668fa5f93e706934a62d7b4db19c8d9eb8cf2adbb75ef1b675aa332b69da"
            ],
            "markers": "python_version >= '3.7'",
            "version": "==5.0.1"
        }
    },
    "develop": {}
}
